
Microsoft Visual Studio Solution File, Format Version 12.00
# Visual Studio Version 17
VisualStudioVersion = 17.9.34723.18
MinimumVisualStudioVersion = 10.0.40219.1
Project("{9A19103F-16F7-4668-BE54-9A1E7A4F7556}") = "aDVanceERP.Desktop", "aDVanceERP.Desktop\aDVanceERP.Desktop.csproj", "{414811EF-B6AB-42DB-97FB-9B069EA9D204}"
EndProject
Project("{9A19103F-16F7-4668-BE54-9A1E7A4F7556}") = "aDVanceERP.Core", "aDVanceERP.Core\aDVanceERP.Core.csproj", "{F5BED43A-FB31-48E9-96A3-0DCDDA1C853A}"
EndProject
Project("{9A19103F-16F7-4668-BE54-9A1E7A4F7556}") = "aDVanceERP.Core.ClienteMySQL", "aDVanceERP.Core.ClienteMySQL\aDVanceERP.Core.ClienteMySQL.csproj", "{1A529338-D068-4E22-A4E5-3EB98665A1C5}"
EndProject
Project("{9A19103F-16F7-4668-BE54-9A1E7A4F7556}") = "aDVanceERP.Core.ClienteFTP", "aDVanceERP.Core.ClienteFTP\aDVanceERP.Core.ClienteFTP.csproj", "{02E3E09B-F3C5-4C23-8C8D-5190FED587B1}"
EndProject
Project("{9A19103F-16F7-4668-BE54-9A1E7A4F7556}") = "aDVanceERP.Modulos.Inventario", "aDVanceERP.Modulos.Inventario\aDVanceERP.Modulos.Inventario.csproj", "{00E1786C-F97E-4DFA-9EE5-B21320A1597E}"
EndProject
Project("{9A19103F-16F7-4668-BE54-9A1E7A4F7556}") = "aDVanceERP.Modulos.Contactos", "aDVanceERP.Modulos.Contactos\aDVanceERP.Modulos.Contactos.csproj", "{CE0B662F-3468-4D39-AC14-5B2E872BFD57}"
EndProject
Project("{2150E333-8FDC-42A3-9474-1A3956D46DE8}") = "Solution Items", "Solution Items", "{BAC9CDB2-21D5-44E8-B561-A3323B770046}"
	ProjectSection(SolutionItems) = preProject
		.editorconfig = .editorconfig
	EndProjectSection
EndProject
Project("{9A19103F-16F7-4668-BE54-9A1E7A4F7556}") = "aDVanceERP.Modulos.CompraVenta", "aDVanceERP.Modulos.CompraVenta\aDVanceERP.Modulos.CompraVenta.csproj", "{FBC9DBA8-94C3-4BAC-BE08-EF63F5F2DC4F}"
EndProject
Project("{9A19103F-16F7-4668-BE54-9A1E7A4F7556}") = "aDVanceERP.Modulos.Finanzas", "aDVanceERP.Modulos.Finanzas\aDVanceERP.Modulos.Finanzas.csproj", "{6FD8C8FB-3A0E-4FA1-A9C5-E6116146EF20}"
	ProjectSection(ProjectDependencies) = postProject
		{F5BED43A-FB31-48E9-96A3-0DCDDA1C853A} = {F5BED43A-FB31-48E9-96A3-0DCDDA1C853A}
	EndProjectSection
EndProject
Project("{9A19103F-16F7-4668-BE54-9A1E7A4F7556}") = "aDVanceERP.Core.Seguridad", "aDVanceERP.Core.Seguridad\aDVanceERP.Core.Seguridad.csproj", "{E7377C2E-E0D1-4FEA-818E-9AF73EF7833C}"
EndProject
Project("{9A19103F-16F7-4668-BE54-9A1E7A4F7556}") = "aDVanceERP.Core.Extension", "aDVanceERP.Core.Extension\aDVanceERP.Core.Extension.csproj", "{FBA847F8-56DC-4ED2-909B-ACA70530424A}"
EndProject
Project("{9A19103F-16F7-4668-BE54-9A1E7A4F7556}") = "aDVanceERP.PatchDB", "aDVanceERP.PatchDB\aDVanceERP.PatchDB.csproj", "{4089320F-0561-4C14-BF15-9369B2BA91E0}"
EndProject
Project("{9A19103F-16F7-4668-BE54-9A1E7A4F7556}") = "aDVanceERP.Core.Mensajes", "aDVanceERP.Core.Mensajes\aDVanceERP.Core.Mensajes.csproj", "{8A49C1F2-A499-495A-86E6-5A3C382AA483}"
EndProject
Project("{9A19103F-16F7-4668-BE54-9A1E7A4F7556}") = "aDVanceERP.BluetoothScanner", "aDVanceERP.BluetoothScanner\aDVanceERP.BluetoothScanner.csproj", "{3569A842-95E7-4C16-8DC5-E20801F84F93}"
EndProject
Project("{9A19103F-16F7-4668-BE54-9A1E7A4F7556}") = "aDVancePOS.Desktop", "aDVancePOS.Desktop\aDVancePOS.Desktop.csproj", "{84A41C22-44C4-43DD-8D30-0560A7A331C6}"
EndProject
Project("{9A19103F-16F7-4668-BE54-9A1E7A4F7556}") = "aDVancePOS.Modulos.TerminalVenta", "aDVancePOS.Modulos.TerminalVenta\aDVancePOS.Modulos.TerminalVenta.csproj", "{AC9AAA73-0AF7-4E18-BF0D-3DFD965FBEBD}"
EndProject
Global
	GlobalSection(SolutionConfigurationPlatforms) = preSolution
		Debug|Any CPU = Debug|Any CPU
		Release|Any CPU = Release|Any CPU
	EndGlobalSection
	GlobalSection(ProjectConfigurationPlatforms) = postSolution
		{414811EF-B6AB-42DB-97FB-9B069EA9D204}.Debug|Any CPU.ActiveCfg = Debug|Any CPU
		{414811EF-B6AB-42DB-97FB-9B069EA9D204}.Debug|Any CPU.Build.0 = Debug|Any CPU
		{414811EF-B6AB-42DB-97FB-9B069EA9D204}.Release|Any CPU.ActiveCfg = Release|Any CPU
		{414811EF-B6AB-42DB-97FB-9B069EA9D204}.Release|Any CPU.Build.0 = Release|Any CPU
		{F5BED43A-FB31-48E9-96A3-0DCDDA1C853A}.Debug|Any CPU.ActiveCfg = Debug|Any CPU
		{F5BED43A-FB31-48E9-96A3-0DCDDA1C853A}.Debug|Any CPU.Build.0 = Debug|Any CPU
		{F5BED43A-FB31-48E9-96A3-0DCDDA1C853A}.Release|Any CPU.ActiveCfg = Release|Any CPU
		{F5BED43A-FB31-48E9-96A3-0DCDDA1C853A}.Release|Any CPU.Build.0 = Release|Any CPU
		{1A529338-D068-4E22-A4E5-3EB98665A1C5}.Debug|Any CPU.ActiveCfg = Debug|Any CPU
		{1A529338-D068-4E22-A4E5-3EB98665A1C5}.Debug|Any CPU.Build.0 = Debug|Any CPU
		{1A529338-D068-4E22-A4E5-3EB98665A1C5}.Release|Any CPU.ActiveCfg = Release|Any CPU
		{1A529338-D068-4E22-A4E5-3EB98665A1C5}.Release|Any CPU.Build.0 = Release|Any CPU
		{02E3E09B-F3C5-4C23-8C8D-5190FED587B1}.Debug|Any CPU.ActiveCfg = Debug|Any CPU
		{02E3E09B-F3C5-4C23-8C8D-5190FED587B1}.Debug|Any CPU.Build.0 = Debug|Any CPU
		{02E3E09B-F3C5-4C23-8C8D-5190FED587B1}.Release|Any CPU.ActiveCfg = Release|Any CPU
		{02E3E09B-F3C5-4C23-8C8D-5190FED587B1}.Release|Any CPU.Build.0 = Release|Any CPU
		{00E1786C-F97E-4DFA-9EE5-B21320A1597E}.Debug|Any CPU.ActiveCfg = Debug|Any CPU
		{00E1786C-F97E-4DFA-9EE5-B21320A1597E}.Debug|Any CPU.Build.0 = Debug|Any CPU
		{00E1786C-F97E-4DFA-9EE5-B21320A1597E}.Release|Any CPU.ActiveCfg = Release|Any CPU
		{00E1786C-F97E-4DFA-9EE5-B21320A1597E}.Release|Any CPU.Build.0 = Release|Any CPU
		{CE0B662F-3468-4D39-AC14-5B2E872BFD57}.Debug|Any CPU.ActiveCfg = Debug|Any CPU
		{CE0B662F-3468-4D39-AC14-5B2E872BFD57}.Debug|Any CPU.Build.0 = Debug|Any CPU
		{CE0B662F-3468-4D39-AC14-5B2E872BFD57}.Release|Any CPU.ActiveCfg = Release|Any CPU
		{CE0B662F-3468-4D39-AC14-5B2E872BFD57}.Release|Any CPU.Build.0 = Release|Any CPU
		{FBC9DBA8-94C3-4BAC-BE08-EF63F5F2DC4F}.Debug|Any CPU.ActiveCfg = Debug|Any CPU
		{FBC9DBA8-94C3-4BAC-BE08-EF63F5F2DC4F}.Debug|Any CPU.Build.0 = Debug|Any CPU
		{FBC9DBA8-94C3-4BAC-BE08-EF63F5F2DC4F}.Release|Any CPU.ActiveCfg = Release|Any CPU
		{FBC9DBA8-94C3-4BAC-BE08-EF63F5F2DC4F}.Release|Any CPU.Build.0 = Release|Any CPU
		{6FD8C8FB-3A0E-4FA1-A9C5-E6116146EF20}.Debug|Any CPU.ActiveCfg = Debug|Any CPU
		{6FD8C8FB-3A0E-4FA1-A9C5-E6116146EF20}.Debug|Any CPU.Build.0 = Debug|Any CPU
		{6FD8C8FB-3A0E-4FA1-A9C5-E6116146EF20}.Release|Any CPU.ActiveCfg = Release|Any CPU
		{6FD8C8FB-3A0E-4FA1-A9C5-E6116146EF20}.Release|Any CPU.Build.0 = Release|Any CPU
		{E7377C2E-E0D1-4FEA-818E-9AF73EF7833C}.Debug|Any CPU.ActiveCfg = Debug|Any CPU
		{E7377C2E-E0D1-4FEA-818E-9AF73EF7833C}.Debug|Any CPU.Build.0 = Debug|Any CPU
		{E7377C2E-E0D1-4FEA-818E-9AF73EF7833C}.Release|Any CPU.ActiveCfg = Release|Any CPU
		{E7377C2E-E0D1-4FEA-818E-9AF73EF7833C}.Release|Any CPU.Build.0 = Release|Any CPU
		{FBA847F8-56DC-4ED2-909B-ACA70530424A}.Debug|Any CPU.ActiveCfg = Debug|Any CPU
		{FBA847F8-56DC-4ED2-909B-ACA70530424A}.Debug|Any CPU.Build.0 = Debug|Any CPU
		{FBA847F8-56DC-4ED2-909B-ACA70530424A}.Release|Any CPU.ActiveCfg = Release|Any CPU
		{FBA847F8-56DC-4ED2-909B-ACA70530424A}.Release|Any CPU.Build.0 = Release|Any CPU
		{4089320F-0561-4C14-BF15-9369B2BA91E0}.Debug|Any CPU.ActiveCfg = Debug|Any CPU
		{4089320F-0561-4C14-BF15-9369B2BA91E0}.Debug|Any CPU.Build.0 = Debug|Any CPU
		{4089320F-0561-4C14-BF15-9369B2BA91E0}.Release|Any CPU.ActiveCfg = Release|Any CPU
		{4089320F-0561-4C14-BF15-9369B2BA91E0}.Release|Any CPU.Build.0 = Release|Any CPU
		{8A49C1F2-A499-495A-86E6-5A3C382AA483}.Debug|Any CPU.ActiveCfg = Debug|Any CPU
		{8A49C1F2-A499-495A-86E6-5A3C382AA483}.Debug|Any CPU.Build.0 = Debug|Any CPU
		{8A49C1F2-A499-495A-86E6-5A3C382AA483}.Release|Any CPU.ActiveCfg = Release|Any CPU
		{8A49C1F2-A499-495A-86E6-5A3C382AA483}.Release|Any CPU.Build.0 = Release|Any CPU
		{3569A842-95E7-4C16-8DC5-E20801F84F93}.Debug|Any CPU.ActiveCfg = Debug|Any CPU
		{3569A842-95E7-4C16-8DC5-E20801F84F93}.Debug|Any CPU.Build.0 = Debug|Any CPU
		{3569A842-95E7-4C16-8DC5-E20801F84F93}.Debug|Any CPU.Deploy.0 = Debug|Any CPU
		{3569A842-95E7-4C16-8DC5-E20801F84F93}.Release|Any CPU.ActiveCfg = Release|Any CPU
		{3569A842-95E7-4C16-8DC5-E20801F84F93}.Release|Any CPU.Build.0 = Release|Any CPU
		{3569A842-95E7-4C16-8DC5-E20801F84F93}.Release|Any CPU.Deploy.0 = Release|Any CPU
		{84A41C22-44C4-43DD-8D30-0560A7A331C6}.Debug|Any CPU.ActiveCfg = Debug|Any CPU
		{84A41C22-44C4-43DD-8D30-0560A7A331C6}.Debug|Any CPU.Build.0 = Debug|Any CPU
		{84A41C22-44C4-43DD-8D30-0560A7A331C6}.Release|Any CPU.ActiveCfg = Release|Any CPU
		{84A41C22-44C4-43DD-8D30-0560A7A331C6}.Release|Any CPU.Build.0 = Release|Any CPU
		{AC9AAA73-0AF7-4E18-BF0D-3DFD965FBEBD}.Debug|Any CPU.ActiveCfg = Debug|Any CPU
		{AC9AAA73-0AF7-4E18-BF0D-3DFD965FBEBD}.Debug|Any CPU.Build.0 = Debug|Any CPU
		{AC9AAA73-0AF7-4E18-BF0D-3DFD965FBEBD}.Release|Any CPU.ActiveCfg = Release|Any CPU
		{AC9AAA73-0AF7-4E18-BF0D-3DFD965FBEBD}.Release|Any CPU.Build.0 = Release|Any CPU
	EndGlobalSection
	GlobalSection(SolutionProperties) = preSolution
		HideSolutionNode = FALSE
	EndGlobalSection
	GlobalSection(ExtensibilityGlobals) = postSolution
		SolutionGuid = {2547F912-EFB4-4732-BAC3-24281FB47AF2}
	EndGlobalSection
EndGlobal
